
Microsoft Visual Studio Solution File, Format Version 12.00
# Visual Studio Version 16
VisualStudioVersion = 16.0.29806.167
MinimumVisualStudioVersion = 10.0.40219.1
Project("{F2A71F9B-5D33-465A-A702-920D77279786}") = "hw1", "hw1\hw1.fsproj", "{EFF60320-FB44-48C2-8ACB-85FA329861EA}"
EndProject
Project("{F2A71F9B-5D33-465A-A702-920D77279786}") = "hw1.Tests", "hw1.Tests\hw1.Tests.fsproj", "{29579304-5915-4368-A0FF-BC577A3C6EF6}"
EndProject
Global
	GlobalSection(SolutionConfigurationPlatforms) = preSolution
		Debug|Any CPU = Debug|Any CPU
		Release|Any CPU = Release|Any CPU
	EndGlobalSection
	GlobalSection(ProjectConfigurationPlatforms) = postSolution
		{EFF60320-FB44-48C2-8ACB-85FA329861EA}.Debug|Any CPU.ActiveCfg = Debug|Any CPU
		{EFF60320-FB44-48C2-8ACB-85FA329861EA}.Debug|Any CPU.Build.0 = Debug|Any CPU
		{EFF60320-FB44-48C2-8ACB-85FA329861EA}.Release|Any CPU.ActiveCfg = Release|Any CPU
		{EFF60320-FB44-48C2-8ACB-85FA329861EA}.Release|Any CPU.Build.0 = Release|Any CPU
		{29579304-5915-4368-A0FF-BC577A3C6EF6}.Debug|Any CPU.ActiveCfg = Debug|Any CPU
		{29579304-5915-4368-A0FF-BC577A3C6EF6}.Debug|Any CPU.Build.0 = Debug|Any CPU
		{29579304-5915-4368-A0FF-BC577A3C6EF6}.Release|Any CPU.ActiveCfg = Release|Any CPU
		{29579304-5915-4368-A0FF-BC577A3C6EF6}.Release|Any CPU.Build.0 = Release|Any CPU
	EndGlobalSection
	GlobalSection(SolutionProperties) = preSolution
		HideSolutionNode = FALSE
	EndGlobalSection
	GlobalSection(ExtensibilityGlobals) = postSolution
		SolutionGuid = {2FCD127E-7A4A-4DDF-BF2C-122552001894}
	EndGlobalSection
EndGlobal
