
Microsoft Visual Studio Solution File, Format Version 12.00
# Visual Studio Version 16
VisualStudioVersion = 16.0.29806.167
MinimumVisualStudioVersion = 10.0.40219.1
Project("{6EC3EE1D-3C4E-46DD-8F32-0CC8E7565705}") = "hw2.2", "hw2.2\hw2.2.fsproj", "{CE98FA61-A78B-4172-AE91-C08F4F81A356}"
EndProject
Project("{F2A71F9B-5D33-465A-A702-920D77279786}") = "hw2.2.Tests", "hw2.2.Tests\hw2.2.Tests.fsproj", "{A0522B90-04D4-4962-BA48-6461D23795AA}"
EndProject
Global
	GlobalSection(SolutionConfigurationPlatforms) = preSolution
		Debug|Any CPU = Debug|Any CPU
		Release|Any CPU = Release|Any CPU
	EndGlobalSection
	GlobalSection(ProjectConfigurationPlatforms) = postSolution
		{CE98FA61-A78B-4172-AE91-C08F4F81A356}.Debug|Any CPU.ActiveCfg = Debug|Any CPU
		{CE98FA61-A78B-4172-AE91-C08F4F81A356}.Debug|Any CPU.Build.0 = Debug|Any CPU
		{CE98FA61-A78B-4172-AE91-C08F4F81A356}.Release|Any CPU.ActiveCfg = Release|Any CPU
		{CE98FA61-A78B-4172-AE91-C08F4F81A356}.Release|Any CPU.Build.0 = Release|Any CPU
		{A0522B90-04D4-4962-BA48-6461D23795AA}.Debug|Any CPU.ActiveCfg = Debug|Any CPU
		{A0522B90-04D4-4962-BA48-6461D23795AA}.Debug|Any CPU.Build.0 = Debug|Any CPU
		{A0522B90-04D4-4962-BA48-6461D23795AA}.Release|Any CPU.ActiveCfg = Release|Any CPU
		{A0522B90-04D4-4962-BA48-6461D23795AA}.Release|Any CPU.Build.0 = Release|Any CPU
	EndGlobalSection
	GlobalSection(SolutionProperties) = preSolution
		HideSolutionNode = FALSE
	EndGlobalSection
	GlobalSection(ExtensibilityGlobals) = postSolution
		SolutionGuid = {76012964-BB7C-42D4-86BC-FD7058037395}
	EndGlobalSection
EndGlobal
