
Microsoft Visual Studio Solution File, Format Version 12.00
# Visual Studio Version 16
VisualStudioVersion = 16.0.29609.76
MinimumVisualStudioVersion = 10.0.40219.1
Project("{FAE04EC0-301F-11D3-BF4B-00C04F79EFBC}") = "test4", "test4\test4.csproj", "{888F6E46-4FD0-41DB-99A3-7FC9A5D540DF}"
EndProject
Global
	GlobalSection(SolutionConfigurationPlatforms) = preSolution
		Debug|Any CPU = Debug|Any CPU
		Release|Any CPU = Release|Any CPU
	EndGlobalSection
	GlobalSection(ProjectConfigurationPlatforms) = postSolution
		{888F6E46-4FD0-41DB-99A3-7FC9A5D540DF}.Debug|Any CPU.ActiveCfg = Debug|Any CPU
		{888F6E46-4FD0-41DB-99A3-7FC9A5D540DF}.Debug|Any CPU.Build.0 = Debug|Any CPU
		{888F6E46-4FD0-41DB-99A3-7FC9A5D540DF}.Release|Any CPU.ActiveCfg = Release|Any CPU
		{888F6E46-4FD0-41DB-99A3-7FC9A5D540DF}.Release|Any CPU.Build.0 = Release|Any CPU
	EndGlobalSection
	GlobalSection(SolutionProperties) = preSolution
		HideSolutionNode = FALSE
	EndGlobalSection
	GlobalSection(ExtensibilityGlobals) = postSolution
		SolutionGuid = {9C935339-7E6B-4975-A17A-CB5619026C8D}
	EndGlobalSection
EndGlobal
