
Microsoft Visual Studio Solution File, Format Version 12.00
# Visual Studio Version 16
VisualStudioVersion = 16.0.29806.167
MinimumVisualStudioVersion = 10.0.40219.1
Project("{FAE04EC0-301F-11D3-BF4B-00C04F79EFBC}") = "GUIForFTP", "GUIForFTP\GUIForFTP.csproj", "{8629B83D-FF77-45A6-891F-1E4B4B8A6328}"
EndProject
Project("{FAE04EC0-301F-11D3-BF4B-00C04F79EFBC}") = "SimpleFTP", "SimpleFTP\SimpleFTP.csproj", "{6FBD470E-5737-48D7-9A81-C4448BEDD7F9}"
EndProject
Project("{FAE04EC0-301F-11D3-BF4B-00C04F79EFBC}") = "GUIForFTP.Tests", "GUIForFTP.Tests\GUIForFTP.Tests.csproj", "{53A45ED9-DFFA-43FD-99D9-96FA76FEABF3}"
EndProject
Global
	GlobalSection(SolutionConfigurationPlatforms) = preSolution
		Debug|Any CPU = Debug|Any CPU
		Release|Any CPU = Release|Any CPU
	EndGlobalSection
	GlobalSection(ProjectConfigurationPlatforms) = postSolution
		{8629B83D-FF77-45A6-891F-1E4B4B8A6328}.Debug|Any CPU.ActiveCfg = Debug|Any CPU
		{8629B83D-FF77-45A6-891F-1E4B4B8A6328}.Debug|Any CPU.Build.0 = Debug|Any CPU
		{8629B83D-FF77-45A6-891F-1E4B4B8A6328}.Release|Any CPU.ActiveCfg = Release|Any CPU
		{8629B83D-FF77-45A6-891F-1E4B4B8A6328}.Release|Any CPU.Build.0 = Release|Any CPU
		{6FBD470E-5737-48D7-9A81-C4448BEDD7F9}.Debug|Any CPU.ActiveCfg = Debug|Any CPU
		{6FBD470E-5737-48D7-9A81-C4448BEDD7F9}.Debug|Any CPU.Build.0 = Debug|Any CPU
		{6FBD470E-5737-48D7-9A81-C4448BEDD7F9}.Release|Any CPU.ActiveCfg = Release|Any CPU
		{6FBD470E-5737-48D7-9A81-C4448BEDD7F9}.Release|Any CPU.Build.0 = Release|Any CPU
		{53A45ED9-DFFA-43FD-99D9-96FA76FEABF3}.Debug|Any CPU.ActiveCfg = Debug|Any CPU
		{53A45ED9-DFFA-43FD-99D9-96FA76FEABF3}.Debug|Any CPU.Build.0 = Debug|Any CPU
		{53A45ED9-DFFA-43FD-99D9-96FA76FEABF3}.Release|Any CPU.ActiveCfg = Release|Any CPU
		{53A45ED9-DFFA-43FD-99D9-96FA76FEABF3}.Release|Any CPU.Build.0 = Release|Any CPU
	EndGlobalSection
	GlobalSection(SolutionProperties) = preSolution
		HideSolutionNode = FALSE
	EndGlobalSection
	GlobalSection(ExtensibilityGlobals) = postSolution
		SolutionGuid = {34A6A3F8-1222-4348-AC0D-BBDF4098E882}
	EndGlobalSection
EndGlobal
